
Microsoft Visual Studio Solution File, Format Version 12.00
# Visual Studio Version 17
VisualStudioVersion = 17.10.35013.160
MinimumVisualStudioVersion = 10.0.40219.1
Project("{FAE04EC0-301F-11D3-BF4B-00C04F79EFBC}") = "01.MVCIntro", "01.MVCIntro\01.MVCIntro.csproj", "{845E5539-4B02-4DF4-8268-089DAE1F502D}"
EndProject
Global
	GlobalSection(SolutionConfigurationPlatforms) = preSolution
		Debug|Any CPU = Debug|Any CPU
		Release|Any CPU = Release|Any CPU
	EndGlobalSection
	GlobalSection(ProjectConfigurationPlatforms) = postSolution
		{845E5539-4B02-4DF4-8268-089DAE1F502D}.Debug|Any CPU.ActiveCfg = Debug|Any CPU
		{845E5539-4B02-4DF4-8268-089DAE1F502D}.Debug|Any CPU.Build.0 = Debug|Any CPU
		{845E5539-4B02-4DF4-8268-089DAE1F502D}.Release|Any CPU.ActiveCfg = Release|Any CPU
		{845E5539-4B02-4DF4-8268-089DAE1F502D}.Release|Any CPU.Build.0 = Release|Any CPU
	EndGlobalSection
	GlobalSection(SolutionProperties) = preSolution
		HideSolutionNode = FALSE
	EndGlobalSection
	GlobalSection(ExtensibilityGlobals) = postSolution
		SolutionGuid = {A242C1DE-994D-45BE-981D-94BD27F0B6D9}
	EndGlobalSection
EndGlobal
